// !$*UTF8*$!
{
	archiveVersion = 1;
	classes = {
	};
	objectVersion = 56;
	objects = {

/* Begin PBXBuildFile section */
		9400EFAB2B768CA500D42814 /* ShizuApp.swift in Sources */ = {isa = PBXBuildFile; fileRef = 9400EFAA2B768CA500D42814 /* ShizuApp.swift */; };
		9400EFAD2B768CA500D42814 /* ContentView.swift in Sources */ = {isa = PBXBuildFile; fileRef = 9400EFAC2B768CA500D42814 /* ContentView.swift */; };
		9400EFAF2B768CA600D42814 /* Assets.xcassets in Resources */ = {isa = PBXBuildFile; fileRef = 9400EFAE2B768CA600D42814 /* Assets.xcassets */; };
		9400EFB22B768CA600D42814 /* Preview Assets.xcassets in Resources */ = {isa = PBXBuildFile; fileRef = 9400EFB12B768CA600D42814 /* Preview Assets.xcassets */; };
		9400EFBC2B768CA600D42814 /* ShizuTests.swift in Sources */ = {isa = PBXBuildFile; fileRef = 9400EFBB2B768CA600D42814 /* ShizuTests.swift */; };
		9400EFC62B768CA600D42814 /* ShizuUITests.swift in Sources */ = {isa = PBXBuildFile; fileRef = 9400EFC52B768CA600D42814 /* ShizuUITests.swift */; };
		9400EFC82B768CA600D42814 /* ShizuUITestsLaunchTests.swift in Sources */ = {isa = PBXBuildFile; fileRef = 9400EFC72B768CA600D42814 /* ShizuUITestsLaunchTests.swift */; };
		9400EFD52B768CE400D42814 /* Max.swift in Sources */ = {isa = PBXBuildFile; fileRef = 9400EFD42B768CE400D42814 /* Max.swift */; };
		9400EFDA2B76916400D42814 /* GameModel.swift in Sources */ = {isa = PBXBuildFile; fileRef = 9400EFD92B76916400D42814 /* GameModel.swift */; };
		9400EFDD2B76965300D42814 /* RandomInt.swift in Sources */ = {isa = PBXBuildFile; fileRef = 9400EFDC2B76965300D42814 /* RandomInt.swift */; };
		9400EFE52B76986C00D42814 /* weak.aiff in Resources */ = {isa = PBXBuildFile; fileRef = 9400EFE22B76986B00D42814 /* weak.aiff */; };
		9400EFE62B76986C00D42814 /* incorrectAnswer.aiff in Resources */ = {isa = PBXBuildFile; fileRef = 9400EFE32B76986C00D42814 /* incorrectAnswer.aiff */; };
		9400EFE72B76986C00D42814 /* OhNo.aiff in Resources */ = {isa = PBXBuildFile; fileRef = 9400EFE42B76986C00D42814 /* OhNo.aiff */; };
		9400EFED2B76988800D42814 /* yes.aiff in Resources */ = {isa = PBXBuildFile; fileRef = 9400EFE82B76988800D42814 /* yes.aiff */; };
		9400EFEE2B76988800D42814 /* correct.aiff in Resources */ = {isa = PBXBuildFile; fileRef = 9400EFE92B76988800D42814 /* correct.aiff */; };
		9400EFEF2B76988800D42814 /* awesome.aiff in Resources */ = {isa = PBXBuildFile; fileRef = 9400EFEA2B76988800D42814 /* awesome.aiff */; };
		9400EFF02B76988800D42814 /* whoop.aiff in Resources */ = {isa = PBXBuildFile; fileRef = 9400EFEB2B76988800D42814 /* whoop.aiff */; };
		9400EFF12B76988800D42814 /* bell.aiff in Resources */ = {isa = PBXBuildFile; fileRef = 9400EFEC2B76988800D42814 /* bell.aiff */; };
		9400EFFD2B76989700D42814 /* three.aiff in Resources */ = {isa = PBXBuildFile; fileRef = 9400EFF22B76989700D42814 /* three.aiff */; };
		9400EFFE2B76989700D42814 /* four.aiff in Resources */ = {isa = PBXBuildFile; fileRef = 9400EFF32B76989700D42814 /* four.aiff */; };
		9400EFFF2B76989700D42814 /* nine.aiff in Resources */ = {isa = PBXBuildFile; fileRef = 9400EFF42B76989700D42814 /* nine.aiff */; };
		9400F0002B76989700D42814 /* six.aiff in Resources */ = {isa = PBXBuildFile; fileRef = 9400EFF52B76989700D42814 /* six.aiff */; };
		9400F0012B76989700D42814 /* seven.aiff in Resources */ = {isa = PBXBuildFile; fileRef = 9400EFF62B76989700D42814 /* seven.aiff */; };
		9400F0022B76989700D42814 /* eight.aiff in Resources */ = {isa = PBXBuildFile; fileRef = 9400EFF72B76989700D42814 /* eight.aiff */; };
		9400F0032B76989700D42814 /* zero.aiff in Resources */ = {isa = PBXBuildFile; fileRef = 9400EFF82B76989700D42814 /* zero.aiff */; };
		9400F0042B76989700D42814 /* five.aiff in Resources */ = {isa = PBXBuildFile; fileRef = 9400EFF92B76989700D42814 /* five.aiff */; };
		9400F0052B76989700D42814 /* ten.aiff in Resources */ = {isa = PBXBuildFile; fileRef = 9400EFFA2B76989700D42814 /* ten.aiff */; };
		9400F0062B76989700D42814 /* two.aiff in Resources */ = {isa = PBXBuildFile; fileRef = 9400EFFB2B76989700D42814 /* two.aiff */; };
		9400F0072B76989700D42814 /* one.aiff in Resources */ = {isa = PBXBuildFile; fileRef = 9400EFFC2B76989700D42814 /* one.aiff */; };
		9400F0092B76998C00D42814 /* GameViewModel.swift in Sources */ = {isa = PBXBuildFile; fileRef = 9400F0082B76998C00D42814 /* GameViewModel.swift */; };
/* End PBXBuildFile section */

/* Begin PBXContainerItemProxy section */
		9400EFB82B768CA600D42814 /* PBXContainerItemProxy */ = {
			isa = PBXContainerItemProxy;
			containerPortal = 9400EF9F2B768CA500D42814 /* Project object */;
			proxyType = 1;
			remoteGlobalIDString = 9400EFA62B768CA500D42814;
			remoteInfo = Shizu;
		};
		9400EFC22B768CA600D42814 /* PBXContainerItemProxy */ = {
			isa = PBXContainerItemProxy;
			containerPortal = 9400EF9F2B768CA500D42814 /* Project object */;
			proxyType = 1;
			remoteGlobalIDString = 9400EFA62B768CA500D42814;
			remoteInfo = Shizu;
		};
/* End PBXContainerItemProxy section */

/* Begin PBXFileReference section */
		9400EFA72B768CA500D42814 /* Shizu.app */ = {isa = PBXFileReference; explicitFileType = wrapper.application; includeInIndex = 0; path = Shizu.app; sourceTree = BUILT_PRODUCTS_DIR; };
		9400EFAA2B768CA500D42814 /* ShizuApp.swift */ = {isa = PBXFileReference; lastKnownFileType = sourcecode.swift; path = ShizuApp.swift; sourceTree = "<group>"; };
		9400EFAC2B768CA500D42814 /* ContentView.swift */ = {isa = PBXFileReference; lastKnownFileType = sourcecode.swift; path = ContentView.swift; sourceTree = "<group>"; };
		9400EFAE2B768CA600D42814 /* Assets.xcassets */ = {isa = PBXFileReference; lastKnownFileType = folder.assetcatalog; path = Assets.xcassets; sourceTree = "<group>"; };
		9400EFB12B768CA600D42814 /* Preview Assets.xcassets */ = {isa = PBXFileReference; lastKnownFileType = folder.assetcatalog; path = "Preview Assets.xcassets"; sourceTree = "<group>"; };
		9400EFB72B768CA600D42814 /* ShizuTests.xctest */ = {isa = PBXFileReference; explicitFileType = wrapper.cfbundle; includeInIndex = 0; path = ShizuTests.xctest; sourceTree = BUILT_PRODUCTS_DIR; };
		9400EFBB2B768CA600D42814 /* ShizuTests.swift */ = {isa = PBXFileReference; lastKnownFileType = sourcecode.swift; path = ShizuTests.swift; sourceTree = "<group>"; };
		9400EFC12B768CA600D42814 /* ShizuUITests.xctest */ = {isa = PBXFileReference; explicitFileType = wrapper.cfbundle; includeInIndex = 0; path = ShizuUITests.xctest; sourceTree = BUILT_PRODUCTS_DIR; };
		9400EFC52B768CA600D42814 /* ShizuUITests.swift */ = {isa = PBXFileReference; lastKnownFileType = sourcecode.swift; path = ShizuUITests.swift; sourceTree = "<group>"; };
		9400EFC72B768CA600D42814 /* ShizuUITestsLaunchTests.swift */ = {isa = PBXFileReference; lastKnownFileType = sourcecode.swift; path = ShizuUITestsLaunchTests.swift; sourceTree = "<group>"; };
		9400EFD42B768CE400D42814 /* Max.swift */ = {isa = PBXFileReference; lastKnownFileType = sourcecode.swift; path = Max.swift; sourceTree = "<group>"; };
		9400EFD92B76916400D42814 /* GameModel.swift */ = {isa = PBXFileReference; lastKnownFileType = sourcecode.swift; path = GameModel.swift; sourceTree = "<group>"; };
		9400EFDC2B76965300D42814 /* RandomInt.swift */ = {isa = PBXFileReference; lastKnownFileType = sourcecode.swift; path = RandomInt.swift; sourceTree = "<group>"; };
		9400EFE22B76986B00D42814 /* weak.aiff */ = {isa = PBXFileReference; lastKnownFileType = audio.aiff; path = weak.aiff; sourceTree = "<group>"; };
		9400EFE32B76986C00D42814 /* incorrectAnswer.aiff */ = {isa = PBXFileReference; lastKnownFileType = audio.aiff; path = incorrectAnswer.aiff; sourceTree = "<group>"; };
		9400EFE42B76986C00D42814 /* OhNo.aiff */ = {isa = PBXFileReference; lastKnownFileType = audio.aiff; path = OhNo.aiff; sourceTree = "<group>"; };
		9400EFE82B76988800D42814 /* yes.aiff */ = {isa = PBXFileReference; lastKnownFileType = audio.aiff; path = yes.aiff; sourceTree = "<group>"; };
		9400EFE92B76988800D42814 /* correct.aiff */ = {isa = PBXFileReference; lastKnownFileType = audio.aiff; path = correct.aiff; sourceTree = "<group>"; };
		9400EFEA2B76988800D42814 /* awesome.aiff */ = {isa = PBXFileReference; lastKnownFileType = audio.aiff; path = awesome.aiff; sourceTree = "<group>"; };
		9400EFEB2B76988800D42814 /* whoop.aiff */ = {isa = PBXFileReference; lastKnownFileType = audio.aiff; path = whoop.aiff; sourceTree = "<group>"; };
		9400EFEC2B76988800D42814 /* bell.aiff */ = {isa = PBXFileReference; lastKnownFileType = audio.aiff; path = bell.aiff; sourceTree = "<group>"; };
		9400EFF22B76989700D42814 /* three.aiff */ = {isa = PBXFileReference; lastKnownFileType = audio.aiff; path = three.aiff; sourceTree = "<group>"; };
		9400EFF32B76989700D42814 /* four.aiff */ = {isa = PBXFileReference; lastKnownFileType = audio.aiff; path = four.aiff; sourceTree = "<group>"; };
		9400EFF42B76989700D42814 /* nine.aiff */ = {isa = PBXFileReference; lastKnownFileType = audio.aiff; path = nine.aiff; sourceTree = "<group>"; };
		9400EFF52B76989700D42814 /* six.aiff */ = {isa = PBXFileReference; lastKnownFileType = audio.aiff; path = six.aiff; sourceTree = "<group>"; };
		9400EFF62B76989700D42814 /* seven.aiff */ = {isa = PBXFileReference; lastKnownFileType = audio.aiff; path = seven.aiff; sourceTree = "<group>"; };
		9400EFF72B76989700D42814 /* eight.aiff */ = {isa = PBXFileReference; lastKnownFileType = audio.aiff; path = eight.aiff; sourceTree = "<group>"; };
		9400EFF82B76989700D42814 /* zero.aiff */ = {isa = PBXFileReference; lastKnownFileType = audio.aiff; path = zero.aiff; sourceTree = "<group>"; };
		9400EFF92B76989700D42814 /* five.aiff */ = {isa = PBXFileReference; lastKnownFileType = audio.aiff; path = five.aiff; sourceTree = "<group>"; };
		9400EFFA2B76989700D42814 /* ten.aiff */ = {isa = PBXFileReference; lastKnownFileType = audio.aiff; path = ten.aiff; sourceTree = "<group>"; };
		9400EFFB2B76989700D42814 /* two.aiff */ = {isa = PBXFileReference; lastKnownFileType = audio.aiff; path = two.aiff; sourceTree = "<group>"; };
		9400EFFC2B76989700D42814 /* one.aiff */ = {isa = PBXFileReference; lastKnownFileType = audio.aiff; path = one.aiff; sourceTree = "<group>"; };
		9400F0082B76998C00D42814 /* GameViewModel.swift */ = {isa = PBXFileReference; lastKnownFileType = sourcecode.swift; path = GameViewModel.swift; sourceTree = "<group>"; };
/* End PBXFileReference section */

/* Begin PBXFrameworksBuildPhase section */
		9400EFA42B768CA500D42814 /* Frameworks */ = {
			isa = PBXFrameworksBuildPhase;
			buildActionMask = 2147483647;
			files = (
			);
			runOnlyForDeploymentPostprocessing = 0;
		};
		9400EFB42B768CA600D42814 /* Frameworks */ = {
			isa = PBXFrameworksBuildPhase;
			buildActionMask = 2147483647;
			files = (
			);
			runOnlyForDeploymentPostprocessing = 0;
		};
		9400EFBE2B768CA600D42814 /* Frameworks */ = {
			isa = PBXFrameworksBuildPhase;
			buildActionMask = 2147483647;
			files = (
			);
			runOnlyForDeploymentPostprocessing = 0;
		};
/* End PBXFrameworksBuildPhase section */

/* Begin PBXGroup section */
		9400EF9E2B768CA500D42814 = {
			isa = PBXGroup;
			children = (
				9400EFA92B768CA500D42814 /* Shizu */,
				9400EFBA2B768CA600D42814 /* ShizuTests */,
				9400EFC42B768CA600D42814 /* ShizuUITests */,
				9400EFA82B768CA500D42814 /* Products */,
			);
			sourceTree = "<group>";
		};
		9400EFA82B768CA500D42814 /* Products */ = {
			isa = PBXGroup;
			children = (
				9400EFA72B768CA500D42814 /* Shizu.app */,
				9400EFB72B768CA600D42814 /* ShizuTests.xctest */,
				9400EFC12B768CA600D42814 /* ShizuUITests.xctest */,
			);
			name = Products;
			sourceTree = "<group>";
		};
		9400EFA92B768CA500D42814 /* Shizu */ = {
			isa = PBXGroup;
			children = (
				9400EFDE2B76982400D42814 /* Sounds */,
				9400EFD82B76914700D42814 /* Model */,
				9400EFD72B76914300D42814 /* ViewModel */,
				9400EFD62B76913A00D42814 /* Views */,
				9400EFDB2B76964000D42814 /* Extensions */,
				9400EFAA2B768CA500D42814 /* ShizuApp.swift */,
				9400EFAE2B768CA600D42814 /* Assets.xcassets */,
				9400EFB02B768CA600D42814 /* Preview Content */,
				9400EFD42B768CE400D42814 /* Max.swift */,
			);
			path = Shizu;
			sourceTree = "<group>";
		};
		9400EFB02B768CA600D42814 /* Preview Content */ = {
			isa = PBXGroup;
			children = (
				9400EFB12B768CA600D42814 /* Preview Assets.xcassets */,
			);
			path = "Preview Content";
			sourceTree = "<group>";
		};
		9400EFBA2B768CA600D42814 /* ShizuTests */ = {
			isa = PBXGroup;
			children = (
				9400EFBB2B768CA600D42814 /* ShizuTests.swift */,
			);
			path = ShizuTests;
			sourceTree = "<group>";
		};
		9400EFC42B768CA600D42814 /* ShizuUITests */ = {
			isa = PBXGroup;
			children = (
				9400EFC52B768CA600D42814 /* ShizuUITests.swift */,
				9400EFC72B768CA600D42814 /* ShizuUITestsLaunchTests.swift */,
			);
			path = ShizuUITests;
			sourceTree = "<group>";
		};
		9400EFD62B76913A00D42814 /* Views */ = {
			isa = PBXGroup;
			children = (
				9400EFAC2B768CA500D42814 /* ContentView.swift */,
			);
			path = Views;
			sourceTree = "<group>";
		};
		9400EFD72B76914300D42814 /* ViewModel */ = {
			isa = PBXGroup;
			children = (
				9400F0082B76998C00D42814 /* GameViewModel.swift */,
			);
			path = ViewModel;
			sourceTree = "<group>";
		};
		9400EFD82B76914700D42814 /* Model */ = {
			isa = PBXGroup;
			children = (
				9400EFD92B76916400D42814 /* GameModel.swift */,
			);
			path = Model;
			sourceTree = "<group>";
		};
		9400EFDB2B76964000D42814 /* Extensions */ = {
			isa = PBXGroup;
			children = (
				9400EFDC2B76965300D42814 /* RandomInt.swift */,
			);
			path = Extensions;
			sourceTree = "<group>";
		};
		9400EFDE2B76982400D42814 /* Sounds */ = {
			isa = PBXGroup;
			children = (
				9400EFE12B76983B00D42814 /* Digit Sounds */,
				9400EFE02B76982E00D42814 /* Success */,
				9400EFDF2B76982900D42814 /* Incorrect */,
			);
			path = Sounds;
			sourceTree = "<group>";
		};
		9400EFDF2B76982900D42814 /* Incorrect */ = {
			isa = PBXGroup;
			children = (
				9400EFE32B76986C00D42814 /* incorrectAnswer.aiff */,
				9400EFE42B76986C00D42814 /* OhNo.aiff */,
				9400EFE22B76986B00D42814 /* weak.aiff */,
			);
			path = Incorrect;
			sourceTree = "<group>";
		};
		9400EFE02B76982E00D42814 /* Success */ = {
			isa = PBXGroup;
			children = (
				9400EFEA2B76988800D42814 /* awesome.aiff */,
				9400EFEC2B76988800D42814 /* bell.aiff */,
				9400EFE92B76988800D42814 /* correct.aiff */,
				9400EFEB2B76988800D42814 /* whoop.aiff */,
				9400EFE82B76988800D42814 /* yes.aiff */,
			);
			path = Success;
			sourceTree = "<group>";
		};
		9400EFE12B76983B00D42814 /* Digit Sounds */ = {
			isa = PBXGroup;
			children = (
				9400EFF72B76989700D42814 /* eight.aiff */,
				9400EFF92B76989700D42814 /* five.aiff */,
				9400EFF32B76989700D42814 /* four.aiff */,
				9400EFF42B76989700D42814 /* nine.aiff */,
				9400EFFC2B76989700D42814 /* one.aiff */,
				9400EFF62B76989700D42814 /* seven.aiff */,
				9400EFF52B76989700D42814 /* six.aiff */,
				9400EFFA2B76989700D42814 /* ten.aiff */,
				9400EFF22B76989700D42814 /* three.aiff */,
				9400EFFB2B76989700D42814 /* two.aiff */,
				9400EFF82B76989700D42814 /* zero.aiff */,
			);
			path = "Digit Sounds";
			sourceTree = "<group>";
		};
/* End PBXGroup section */

/* Begin PBXNativeTarget section */
		9400EFA62B768CA500D42814 /* Shizu */ = {
			isa = PBXNativeTarget;
			buildConfigurationList = 9400EFCB2B768CA600D42814 /* Build configuration list for PBXNativeTarget "Shizu" */;
			buildPhases = (
				9400EFA32B768CA500D42814 /* Sources */,
				9400EFA42B768CA500D42814 /* Frameworks */,
				9400EFA52B768CA500D42814 /* Resources */,
			);
			buildRules = (
			);
			dependencies = (
			);
			name = Shizu;
			productName = Shizu;
			productReference = 9400EFA72B768CA500D42814 /* Shizu.app */;
			productType = "com.apple.product-type.application";
		};
		9400EFB62B768CA600D42814 /* ShizuTests */ = {
			isa = PBXNativeTarget;
			buildConfigurationList = 9400EFCE2B768CA600D42814 /* Build configuration list for PBXNativeTarget "ShizuTests" */;
			buildPhases = (
				9400EFB32B768CA600D42814 /* Sources */,
				9400EFB42B768CA600D42814 /* Frameworks */,
				9400EFB52B768CA600D42814 /* Resources */,
			);
			buildRules = (
			);
			dependencies = (
				9400EFB92B768CA600D42814 /* PBXTargetDependency */,
			);
			name = ShizuTests;
			productName = ShizuTests;
			productReference = 9400EFB72B768CA600D42814 /* ShizuTests.xctest */;
			productType = "com.apple.product-type.bundle.unit-test";
		};
		9400EFC02B768CA600D42814 /* ShizuUITests */ = {
			isa = PBXNativeTarget;
			buildConfigurationList = 9400EFD12B768CA600D42814 /* Build configuration list for PBXNativeTarget "ShizuUITests" */;
			buildPhases = (
				9400EFBD2B768CA600D42814 /* Sources */,
				9400EFBE2B768CA600D42814 /* Frameworks */,
				9400EFBF2B768CA600D42814 /* Resources */,
			);
			buildRules = (
			);
			dependencies = (
				9400EFC32B768CA600D42814 /* PBXTargetDependency */,
			);
			name = ShizuUITests;
			productName = ShizuUITests;
			productReference = 9400EFC12B768CA600D42814 /* ShizuUITests.xctest */;
			productType = "com.apple.product-type.bundle.ui-testing";
		};
/* End PBXNativeTarget section */

/* Begin PBXProject section */
		9400EF9F2B768CA500D42814 /* Project object */ = {
			isa = PBXProject;
			attributes = {
				BuildIndependentTargetsInParallel = 1;
				LastSwiftUpdateCheck = 1500;
				LastUpgradeCheck = 1500;
				TargetAttributes = {
					9400EFA62B768CA500D42814 = {
						CreatedOnToolsVersion = 15.0;
					};
					9400EFB62B768CA600D42814 = {
						CreatedOnToolsVersion = 15.0;
						TestTargetID = 9400EFA62B768CA500D42814;
					};
					9400EFC02B768CA600D42814 = {
						CreatedOnToolsVersion = 15.0;
						TestTargetID = 9400EFA62B768CA500D42814;
					};
				};
			};
			buildConfigurationList = 9400EFA22B768CA500D42814 /* Build configuration list for PBXProject "Shizu" */;
			compatibilityVersion = "Xcode 14.0";
			developmentRegion = en;
			hasScannedForEncodings = 0;
			knownRegions = (
				en,
				Base,
			);
			mainGroup = 9400EF9E2B768CA500D42814;
			productRefGroup = 9400EFA82B768CA500D42814 /* Products */;
			projectDirPath = "";
			projectRoot = "";
			targets = (
				9400EFA62B768CA500D42814 /* Shizu */,
				9400EFB62B768CA600D42814 /* ShizuTests */,
				9400EFC02B768CA600D42814 /* ShizuUITests */,
			);
		};
/* End PBXProject section */

/* Begin PBXResourcesBuildPhase section */
		9400EFA52B768CA500D42814 /* Resources */ = {
			isa = PBXResourcesBuildPhase;
			buildActionMask = 2147483647;
			files = (
				9400EFB22B768CA600D42814 /* Preview Assets.xcassets in Resources */,
				9400F0032B76989700D42814 /* zero.aiff in Resources */,
				9400F0062B76989700D42814 /* two.aiff in Resources */,
				9400EFFD2B76989700D42814 /* three.aiff in Resources */,
				9400F0042B76989700D42814 /* five.aiff in Resources */,
				9400EFEF2B76988800D42814 /* awesome.aiff in Resources */,
				9400EFEE2B76988800D42814 /* correct.aiff in Resources */,
				9400F0002B76989700D42814 /* six.aiff in Resources */,
				9400EFE72B76986C00D42814 /* OhNo.aiff in Resources */,
				9400EFE62B76986C00D42814 /* incorrectAnswer.aiff in Resources */,
				9400EFAF2B768CA600D42814 /* Assets.xcassets in Resources */,
				9400F0012B76989700D42814 /* seven.aiff in Resources */,
				9400EFFF2B76989700D42814 /* nine.aiff in Resources */,
				9400EFF12B76988800D42814 /* bell.aiff in Resources */,
				9400F0072B76989700D42814 /* one.aiff in Resources */,
				9400F0052B76989700D42814 /* ten.aiff in Resources */,
				9400EFE52B76986C00D42814 /* weak.aiff in Resources */,
				9400EFFE2B76989700D42814 /* four.aiff in Resources */,
				9400EFF02B76988800D42814 /* whoop.aiff in Resources */,
				9400EFED2B76988800D42814 /* yes.aiff in Resources */,
				9400F0022B76989700D42814 /* eight.aiff in Resources */,
			);
			runOnlyForDeploymentPostprocessing = 0;
		};
		9400EFB52B768CA600D42814 /* Resources */ = {
			isa = PBXResourcesBuildPhase;
			buildActionMask = 2147483647;
			files = (
			);
			runOnlyForDeploymentPostprocessing = 0;
		};
		9400EFBF2B768CA600D42814 /* Resources */ = {
			isa = PBXResourcesBuildPhase;
			buildActionMask = 2147483647;
			files = (
			);
			runOnlyForDeploymentPostprocessing = 0;
		};
/* End PBXResourcesBuildPhase section */

/* Begin PBXSourcesBuildPhase section */
		9400EFA32B768CA500D42814 /* Sources */ = {
			isa = PBXSourcesBuildPhase;
			buildActionMask = 2147483647;
			files = (
				9400F0092B76998C00D42814 /* GameViewModel.swift in Sources */,
				9400EFAD2B768CA500D42814 /* ContentView.swift in Sources */,
				9400EFDD2B76965300D42814 /* RandomInt.swift in Sources */,
				9400EFDA2B76916400D42814 /* GameModel.swift in Sources */,
				9400EFD52B768CE400D42814 /* Max.swift in Sources */,
				9400EFAB2B768CA500D42814 /* ShizuApp.swift in Sources */,
			);
			runOnlyForDeploymentPostprocessing = 0;
		};
		9400EFB32B768CA600D42814 /* Sources */ = {
			isa = PBXSourcesBuildPhase;
			buildActionMask = 2147483647;
			files = (
				9400EFBC2B768CA600D42814 /* ShizuTests.swift in Sources */,
			);
			runOnlyForDeploymentPostprocessing = 0;
		};
		9400EFBD2B768CA600D42814 /* Sources */ = {
			isa = PBXSourcesBuildPhase;
			buildActionMask = 2147483647;
			files = (
				9400EFC82B768CA600D42814 /* ShizuUITestsLaunchTests.swift in Sources */,
				9400EFC62B768CA600D42814 /* ShizuUITests.swift in Sources */,
			);
			runOnlyForDeploymentPostprocessing = 0;
		};
/* End PBXSourcesBuildPhase section */

/* Begin PBXTargetDependency section */
		9400EFB92B768CA600D42814 /* PBXTargetDependency */ = {
			isa = PBXTargetDependency;
			target = 9400EFA62B768CA500D42814 /* Shizu */;
			targetProxy = 9400EFB82B768CA600D42814 /* PBXContainerItemProxy */;
		};
		9400EFC32B768CA600D42814 /* PBXTargetDependency */ = {
			isa = PBXTargetDependency;
			target = 9400EFA62B768CA500D42814 /* Shizu */;
			targetProxy = 9400EFC22B768CA600D42814 /* PBXContainerItemProxy */;
		};
/* End PBXTargetDependency section */

/* Begin XCBuildConfiguration section */
		9400EFC92B768CA600D42814 /* Debug */ = {
			isa = XCBuildConfiguration;
			buildSettings = {
				ALWAYS_SEARCH_USER_PATHS = NO;
				ASSETCATALOG_COMPILER_GENERATE_SWIFT_ASSET_SYMBOL_EXTENSIONS = YES;
				CLANG_ANALYZER_NONNULL = YES;
				CLANG_ANALYZER_NUMBER_OBJECT_CONVERSION = YES_AGGRESSIVE;
				CLANG_CXX_LANGUAGE_STANDARD = "gnu++20";
				CLANG_ENABLE_MODULES = YES;
				CLANG_ENABLE_OBJC_ARC = YES;
				CLANG_ENABLE_OBJC_WEAK = YES;
				CLANG_WARN_BLOCK_CAPTURE_AUTORELEASING = YES;
				CLANG_WARN_BOOL_CONVERSION = YES;
				CLANG_WARN_COMMA = YES;
				CLANG_WARN_CONSTANT_CONVERSION = YES;
				CLANG_WARN_DEPRECATED_OBJC_IMPLEMENTATIONS = YES;
				CLANG_WARN_DIRECT_OBJC_ISA_USAGE = YES_ERROR;
				CLANG_WARN_DOCUMENTATION_COMMENTS = YES;
				CLANG_WARN_EMPTY_BODY = YES;
				CLANG_WARN_ENUM_CONVERSION = YES;
				CLANG_WARN_INFINITE_RECURSION = YES;
				CLANG_WARN_INT_CONVERSION = YES;
				CLANG_WARN_NON_LITERAL_NULL_CONVERSION = YES;
				CLANG_WARN_OBJC_IMPLICIT_RETAIN_SELF = YES;
				CLANG_WARN_OBJC_LITERAL_CONVERSION = YES;
				CLANG_WARN_OBJC_ROOT_CLASS = YES_ERROR;
				CLANG_WARN_QUOTED_INCLUDE_IN_FRAMEWORK_HEADER = YES;
				CLANG_WARN_RANGE_LOOP_ANALYSIS = YES;
				CLANG_WARN_STRICT_PROTOTYPES = YES;
				CLANG_WARN_SUSPICIOUS_MOVE = YES;
				CLANG_WARN_UNGUARDED_AVAILABILITY = YES_AGGRESSIVE;
				CLANG_WARN_UNREACHABLE_CODE = YES;
				CLANG_WARN__DUPLICATE_METHOD_MATCH = YES;
				COPY_PHASE_STRIP = NO;
				DEBUG_INFORMATION_FORMAT = dwarf;
				ENABLE_STRICT_OBJC_MSGSEND = YES;
				ENABLE_TESTABILITY = YES;
				ENABLE_USER_SCRIPT_SANDBOXING = YES;
				GCC_C_LANGUAGE_STANDARD = gnu17;
				GCC_DYNAMIC_NO_PIC = NO;
				GCC_NO_COMMON_BLOCKS = YES;
				GCC_OPTIMIZATION_LEVEL = 0;
				GCC_PREPROCESSOR_DEFINITIONS = (
					"DEBUG=1",
					"$(inherited)",
				);
				GCC_WARN_64_TO_32_BIT_CONVERSION = YES;
				GCC_WARN_ABOUT_RETURN_TYPE = YES_ERROR;
				GCC_WARN_UNDECLARED_SELECTOR = YES;
				GCC_WARN_UNINITIALIZED_AUTOS = YES_AGGRESSIVE;
				GCC_WARN_UNUSED_FUNCTION = YES;
				GCC_WARN_UNUSED_VARIABLE = YES;
				IPHONEOS_DEPLOYMENT_TARGET = 17.0;
				LOCALIZATION_PREFERS_STRING_CATALOGS = YES;
				MTL_ENABLE_DEBUG_INFO = INCLUDE_SOURCE;
				MTL_FAST_MATH = YES;
				ONLY_ACTIVE_ARCH = YES;
				SDKROOT = iphoneos;
				SWIFT_ACTIVE_COMPILATION_CONDITIONS = "DEBUG $(inherited)";
				SWIFT_OPTIMIZATION_LEVEL = "-Onone";
			};
			name = Debug;
		};
		9400EFCA2B768CA600D42814 /* Release */ = {
			isa = XCBuildConfiguration;
			buildSettings = {
				ALWAYS_SEARCH_USER_PATHS = NO;
				ASSETCATALOG_COMPILER_GENERATE_SWIFT_ASSET_SYMBOL_EXTENSIONS = YES;
				CLANG_ANALYZER_NONNULL = YES;
				CLANG_ANALYZER_NUMBER_OBJECT_CONVERSION = YES_AGGRESSIVE;
				CLANG_CXX_LANGUAGE_STANDARD = "gnu++20";
				CLANG_ENABLE_MODULES = YES;
				CLANG_ENABLE_OBJC_ARC = YES;
				CLANG_ENABLE_OBJC_WEAK = YES;
				CLANG_WARN_BLOCK_CAPTURE_AUTORELEASING = YES;
				CLANG_WARN_BOOL_CONVERSION = YES;
				CLANG_WARN_COMMA = YES;
				CLANG_WARN_CONSTANT_CONVERSION = YES;
				CLANG_WARN_DEPRECATED_OBJC_IMPLEMENTATIONS = YES;
				CLANG_WARN_DIRECT_OBJC_ISA_USAGE = YES_ERROR;
				CLANG_WARN_DOCUMENTATION_COMMENTS = YES;
				CLANG_WARN_EMPTY_BODY = YES;
				CLANG_WARN_ENUM_CONVERSION = YES;
				CLANG_WARN_INFINITE_RECURSION = YES;
				CLANG_WARN_INT_CONVERSION = YES;
				CLANG_WARN_NON_LITERAL_NULL_CONVERSION = YES;
				CLANG_WARN_OBJC_IMPLICIT_RETAIN_SELF = YES;
				CLANG_WARN_OBJC_LITERAL_CONVERSION = YES;
				CLANG_WARN_OBJC_ROOT_CLASS = YES_ERROR;
				CLANG_WARN_QUOTED_INCLUDE_IN_FRAMEWORK_HEADER = YES;
				CLANG_WARN_RANGE_LOOP_ANALYSIS = YES;
				CLANG_WARN_STRICT_PROTOTYPES = YES;
				CLANG_WARN_SUSPICIOUS_MOVE = YES;
				CLANG_WARN_UNGUARDED_AVAILABILITY = YES_AGGRESSIVE;
				CLANG_WARN_UNREACHABLE_CODE = YES;
				CLANG_WARN__DUPLICATE_METHOD_MATCH = YES;
				COPY_PHASE_STRIP = NO;
				DEBUG_INFORMATION_FORMAT = "dwarf-with-dsym";
				ENABLE_NS_ASSERTIONS = NO;
				ENABLE_STRICT_OBJC_MSGSEND = YES;
				ENABLE_USER_SCRIPT_SANDBOXING = YES;
				GCC_C_LANGUAGE_STANDARD = gnu17;
				GCC_NO_COMMON_BLOCKS = YES;
				GCC_WARN_64_TO_32_BIT_CONVERSION = YES;
				GCC_WARN_ABOUT_RETURN_TYPE = YES_ERROR;
				GCC_WARN_UNDECLARED_SELECTOR = YES;
				GCC_WARN_UNINITIALIZED_AUTOS = YES_AGGRESSIVE;
				GCC_WARN_UNUSED_FUNCTION = YES;
				GCC_WARN_UNUSED_VARIABLE = YES;
				IPHONEOS_DEPLOYMENT_TARGET = 17.0;
				LOCALIZATION_PREFERS_STRING_CATALOGS = YES;
				MTL_ENABLE_DEBUG_INFO = NO;
				MTL_FAST_MATH = YES;
				SDKROOT = iphoneos;
				SWIFT_COMPILATION_MODE = wholemodule;
				VALIDATE_PRODUCT = YES;
			};
			name = Release;
		};
		9400EFCC2B768CA600D42814 /* Debug */ = {
			isa = XCBuildConfiguration;
			buildSettings = {
				ASSETCATALOG_COMPILER_APPICON_NAME = AppIcon;
				ASSETCATALOG_COMPILER_GLOBAL_ACCENT_COLOR_NAME = AccentColor;
				CODE_SIGN_STYLE = Automatic;
				CURRENT_PROJECT_VERSION = 1;
				DEVELOPMENT_ASSET_PATHS = "\"Shizu/Preview Content\"";
				DEVELOPMENT_TEAM = DL2X2NTMNZ;
				ENABLE_PREVIEWS = YES;
				GENERATE_INFOPLIST_FILE = YES;
				INFOPLIST_KEY_UIApplicationSceneManifest_Generation = YES;
				INFOPLIST_KEY_UIApplicationSupportsIndirectInputEvents = YES;
				INFOPLIST_KEY_UILaunchScreen_Generation = YES;
				INFOPLIST_KEY_UISupportedInterfaceOrientations_iPad = "UIInterfaceOrientationPortrait UIInterfaceOrientationPortraitUpsideDown UIInterfaceOrientationLandscapeLeft UIInterfaceOrientationLandscapeRight";
				INFOPLIST_KEY_UISupportedInterfaceOrientations_iPhone = "UIInterfaceOrientationPortrait UIInterfaceOrientationLandscapeLeft UIInterfaceOrientationLandscapeRight";
				LD_RUNPATH_SEARCH_PATHS = (
					"$(inherited)",
					"@executable_path/Frameworks",
				);
				MARKETING_VERSION = 1.0;
				PRODUCT_BUNDLE_IDENTIFIER = com.aco.Shizu;
				PRODUCT_NAME = "$(TARGET_NAME)";
				SWIFT_EMIT_LOC_STRINGS = YES;
				SWIFT_VERSION = 5.0;
				TARGETED_DEVICE_FAMILY = "1,2";
			};
			name = Debug;
		};
		9400EFCD2B768CA600D42814 /* Release */ = {
			isa = XCBuildConfiguration;
			buildSettings = {
				ASSETCATALOG_COMPILER_APPICON_NAME = AppIcon;
				ASSETCATALOG_COMPILER_GLOBAL_ACCENT_COLOR_NAME = AccentColor;
				CODE_SIGN_STYLE = Automatic;
				CURRENT_PROJECT_VERSION = 1;
				DEVELOPMENT_ASSET_PATHS = "\"Shizu/Preview Content\"";
				DEVELOPMENT_TEAM = DL2X2NTMNZ;
				ENABLE_PREVIEWS = YES;
				GENERATE_INFOPLIST_FILE = YES;
				INFOPLIST_KEY_UIApplicationSceneManifest_Generation = YES;
				INFOPLIST_KEY_UIApplicationSupportsIndirectInputEvents = YES;
				INFOPLIST_KEY_UILaunchScreen_Generation = YES;
				INFOPLIST_KEY_UISupportedInterfaceOrientations_iPad = "UIInterfaceOrientationPortrait UIInterfaceOrientationPortraitUpsideDown UIInterfaceOrientationLandscapeLeft UIInterfaceOrientationLandscapeRight";
				INFOPLIST_KEY_UISupportedInterfaceOrientations_iPhone = "UIInterfaceOrientationPortrait UIInterfaceOrientationLandscapeLeft UIInterfaceOrientationLandscapeRight";
				LD_RUNPATH_SEARCH_PATHS = (
					"$(inherited)",
					"@executable_path/Frameworks",
				);
				MARKETING_VERSION = 1.0;
				PRODUCT_BUNDLE_IDENTIFIER = com.aco.Shizu;
				PRODUCT_NAME = "$(TARGET_NAME)";
				SWIFT_EMIT_LOC_STRINGS = YES;
				SWIFT_VERSION = 5.0;
				TARGETED_DEVICE_FAMILY = "1,2";
			};
			name = Release;
		};
		9400EFCF2B768CA600D42814 /* Debug */ = {
			isa = XCBuildConfiguration;
			buildSettings = {
				ALWAYS_EMBED_SWIFT_STANDARD_LIBRARIES = YES;
				BUNDLE_LOADER = "$(TEST_HOST)";
				CODE_SIGN_STYLE = Automatic;
				CURRENT_PROJECT_VERSION = 1;
				DEVELOPMENT_TEAM = DL2X2NTMNZ;
				GENERATE_INFOPLIST_FILE = YES;
				IPHONEOS_DEPLOYMENT_TARGET = 17.0;
				MARKETING_VERSION = 1.0;
				PRODUCT_BUNDLE_IDENTIFIER = com.aco.ShizuTests;
				PRODUCT_NAME = "$(TARGET_NAME)";
				SWIFT_EMIT_LOC_STRINGS = NO;
				SWIFT_VERSION = 5.0;
				TARGETED_DEVICE_FAMILY = "1,2";
				TEST_HOST = "$(BUILT_PRODUCTS_DIR)/Shizu.app/$(BUNDLE_EXECUTABLE_FOLDER_PATH)/Shizu";
			};
			name = Debug;
		};
		9400EFD02B768CA600D42814 /* Release */ = {
			isa = XCBuildConfiguration;
			buildSettings = {
				ALWAYS_EMBED_SWIFT_STANDARD_LIBRARIES = YES;
				BUNDLE_LOADER = "$(TEST_HOST)";
				CODE_SIGN_STYLE = Automatic;
				CURRENT_PROJECT_VERSION = 1;
				DEVELOPMENT_TEAM = DL2X2NTMNZ;
				GENERATE_INFOPLIST_FILE = YES;
				IPHONEOS_DEPLOYMENT_TARGET = 17.0;
				MARKETING_VERSION = 1.0;
				PRODUCT_BUNDLE_IDENTIFIER = com.aco.ShizuTests;
				PRODUCT_NAME = "$(TARGET_NAME)";
				SWIFT_EMIT_LOC_STRINGS = NO;
				SWIFT_VERSION = 5.0;
				TARGETED_DEVICE_FAMILY = "1,2";
				TEST_HOST = "$(BUILT_PRODUCTS_DIR)/Shizu.app/$(BUNDLE_EXECUTABLE_FOLDER_PATH)/Shizu";
			};
			name = Release;
		};
		9400EFD22B768CA600D42814 /* Debug */ = {
			isa = XCBuildConfiguration;
			buildSettings = {
				ALWAYS_EMBED_SWIFT_STANDARD_LIBRARIES = YES;
				CODE_SIGN_STYLE = Automatic;
				CURRENT_PROJECT_VERSION = 1;
				DEVELOPMENT_TEAM = DL2X2NTMNZ;
				GENERATE_INFOPLIST_FILE = YES;
				MARKETING_VERSION = 1.0;
				PRODUCT_BUNDLE_IDENTIFIER = com.aco.ShizuUITests;
				PRODUCT_NAME = "$(TARGET_NAME)";
				SWIFT_EMIT_LOC_STRINGS = NO;
				SWIFT_VERSION = 5.0;
				TARGETED_DEVICE_FAMILY = "1,2";
				TEST_TARGET_NAME = Shizu;
			};
			name = Debug;
		};
		9400EFD32B768CA600D42814 /* Release */ = {
			isa = XCBuildConfiguration;
			buildSettings = {
				ALWAYS_EMBED_SWIFT_STANDARD_LIBRARIES = YES;
				CODE_SIGN_STYLE = Automatic;
				CURRENT_PROJECT_VERSION = 1;
				DEVELOPMENT_TEAM = DL2X2NTMNZ;
				GENERATE_INFOPLIST_FILE = YES;
				MARKETING_VERSION = 1.0;
				PRODUCT_BUNDLE_IDENTIFIER = com.aco.ShizuUITests;
				PRODUCT_NAME = "$(TARGET_NAME)";
				SWIFT_EMIT_LOC_STRINGS = NO;
				SWIFT_VERSION = 5.0;
				TARGETED_DEVICE_FAMILY = "1,2";
				TEST_TARGET_NAME = Shizu;
			};
			name = Release;
		};
/* End XCBuildConfiguration section */

/* Begin XCConfigurationList section */
		9400EFA22B768CA500D42814 /* Build configuration list for PBXProject "Shizu" */ = {
			isa = XCConfigurationList;
			buildConfigurations = (
				9400EFC92B768CA600D42814 /* Debug */,
				9400EFCA2B768CA600D42814 /* Release */,
			);
			defaultConfigurationIsVisible = 0;
			defaultConfigurationName = Release;
		};
		9400EFCB2B768CA600D42814 /* Build configuration list for PBXNativeTarget "Shizu" */ = {
			isa = XCConfigurationList;
			buildConfigurations = (
				9400EFCC2B768CA600D42814 /* Debug */,
				9400EFCD2B768CA600D42814 /* Release */,
			);
			defaultConfigurationIsVisible = 0;
			defaultConfigurationName = Release;
		};
		9400EFCE2B768CA600D42814 /* Build configuration list for PBXNativeTarget "ShizuTests" */ = {
			isa = XCConfigurationList;
			buildConfigurations = (
				9400EFCF2B768CA600D42814 /* Debug */,
				9400EFD02B768CA600D42814 /* Release */,
			);
			defaultConfigurationIsVisible = 0;
			defaultConfigurationName = Release;
		};
		9400EFD12B768CA600D42814 /* Build configuration list for PBXNativeTarget "ShizuUITests" */ = {
			isa = XCConfigurationList;
			buildConfigurations = (
				9400EFD22B768CA600D42814 /* Debug */,
				9400EFD32B768CA600D42814 /* Release */,
			);
			defaultConfigurationIsVisible = 0;
			defaultConfigurationName = Release;
		};
/* End XCConfigurationList section */
	};
	rootObject = 9400EF9F2B768CA500D42814 /* Project object */;
}
